// !$*UTF8*$!
{
	archiveVersion = 1;
	classes = {
	};
	objectVersion = 56;
	objects = {

/* Begin PBXBuildFile section */
		2E52B521293B0798009D6D93 /* GoogleService-Info.plist in Resources */ = {isa = PBXBuildFile; fileRef = 2E52B51F293B0798009D6D93 /* GoogleService-Info.plist */; };
		2E52B522293B0798009D6D93 /* Secret.plist in Resources */ = {isa = PBXBuildFile; fileRef = 2E52B520293B0798009D6D93 /* Secret.plist */; };
		2E52B525293B3D71009D6D93 /* SDWebImageSwiftUI in Frameworks */ = {isa = PBXBuildFile; productRef = 2E52B524293B3D71009D6D93 /* SDWebImageSwiftUI */; };
		2E52B528293B5E67009D6D93 /* VoucherDetailView.swift in Sources */ = {isa = PBXBuildFile; fileRef = 2E52B527293B5E67009D6D93 /* VoucherDetailView.swift */; };
		2E52B52B293B5F35009D6D93 /* VoucherImage.swift in Sources */ = {isa = PBXBuildFile; fileRef = 2E52B52A293B5F35009D6D93 /* VoucherImage.swift */; };
		2E985EAE29338E6C00544861 /* SplashView.swift in Sources */ = {isa = PBXBuildFile; fileRef = 2E985EAD29338E6C00544861 /* SplashView.swift */; };
		2E985EB02933940300544861 /* RootView.swift in Sources */ = {isa = PBXBuildFile; fileRef = 2E985EAF2933940300544861 /* RootView.swift */; };
		2E985EB22933986200544861 /* PVUser.swift in Sources */ = {isa = PBXBuildFile; fileRef = 2E985EB12933986200544861 /* PVUser.swift */; };
		2E985EB42933A58200544861 /* Voucher.swift in Sources */ = {isa = PBXBuildFile; fileRef = 2E985EB32933A58200544861 /* Voucher.swift */; };
		2E985EBF2933A88300544861 /* MainViewModel.swift in Sources */ = {isa = PBXBuildFile; fileRef = 2E985EBE2933A88300544861 /* MainViewModel.swift */; };
		2E985EC12933AC0100544861 /* FirestoreManager.swift in Sources */ = {isa = PBXBuildFile; fileRef = 2E985EC02933AC0100544861 /* FirestoreManager.swift */; };
		2EAAC6A5293A20320041ECFE /* StringExtension.swift in Sources */ = {isa = PBXBuildFile; fileRef = 2EAAC6A4293A20320041ECFE /* StringExtension.swift */; };
		2EC3ACDA292A4B8700E41148 /* VoucherBoxApp.swift in Sources */ = {isa = PBXBuildFile; fileRef = 2EC3ACD9292A4B8700E41148 /* VoucherBoxApp.swift */; };
		2EC3ACDC292A4B8700E41148 /* MainView.swift in Sources */ = {isa = PBXBuildFile; fileRef = 2EC3ACDB292A4B8700E41148 /* MainView.swift */; };
		2EC3ACDE292A4B8900E41148 /* Assets.xcassets in Resources */ = {isa = PBXBuildFile; fileRef = 2EC3ACDD292A4B8900E41148 /* Assets.xcassets */; };
		2EC3ACE1292A4B8900E41148 /* Preview Assets.xcassets in Resources */ = {isa = PBXBuildFile; fileRef = 2EC3ACE0292A4B8900E41148 /* Preview Assets.xcassets */; };
		2EC6EC23293074D6007ED621 /* FirebaseAuth in Frameworks */ = {isa = PBXBuildFile; productRef = 2EC6EC22293074D6007ED621 /* FirebaseAuth */; };
		2EC6EC25293074E9007ED621 /* FirebaseAuthManager.swift in Sources */ = {isa = PBXBuildFile; fileRef = 2EC6EC24293074E9007ED621 /* FirebaseAuthManager.swift */; };
		2EE94373292BA4EF00166EF9 /* AppDelegate.swift in Sources */ = {isa = PBXBuildFile; fileRef = 2EE94372292BA4EF00166EF9 /* AppDelegate.swift */; };
		2EE94375292BA4FF00166EF9 /* FirebaseStorageManager.swift in Sources */ = {isa = PBXBuildFile; fileRef = 2EE94374292BA4FF00166EF9 /* FirebaseStorageManager.swift */; };
		2EE94377292BA50700166EF9 /* ImagePicker.swift in Sources */ = {isa = PBXBuildFile; fileRef = 2EE94376292BA50700166EF9 /* ImagePicker.swift */; };
		2EE94379292BA50C00166EF9 /* VoucherAdditionalView.swift in Sources */ = {isa = PBXBuildFile; fileRef = 2EE94378292BA50C00166EF9 /* VoucherAdditionalView.swift */; };
		2EE9437D292BA5A900166EF9 /* VoucherBox+Bundle.swift in Sources */ = {isa = PBXBuildFile; fileRef = 2EE9437C292BA5A900166EF9 /* VoucherBox+Bundle.swift */; };
		2EE94380292BA8D600166EF9 /* FirebaseAnalytics in Frameworks */ = {isa = PBXBuildFile; productRef = 2EE9437F292BA8D600166EF9 /* FirebaseAnalytics */; };
		2EE94382292BA8D600166EF9 /* FirebaseCrashlytics in Frameworks */ = {isa = PBXBuildFile; productRef = 2EE94381292BA8D600166EF9 /* FirebaseCrashlytics */; };
		2EE94384292BA8D600166EF9 /* FirebaseFirestore in Frameworks */ = {isa = PBXBuildFile; productRef = 2EE94383292BA8D600166EF9 /* FirebaseFirestore */; };
		2EE94386292BA8D600166EF9 /* FirebasePerformance in Frameworks */ = {isa = PBXBuildFile; productRef = 2EE94385292BA8D600166EF9 /* FirebasePerformance */; };
		2EE94388292BA8D600166EF9 /* FirebaseStorage in Frameworks */ = {isa = PBXBuildFile; productRef = 2EE94387292BA8D600166EF9 /* FirebaseStorage */; };
		2EFD56DD29373292007BB1A1 /* VoucherAdditionalViewModel.swift in Sources */ = {isa = PBXBuildFile; fileRef = 2EFD56DC29373292007BB1A1 /* VoucherAdditionalViewModel.swift */; };
		2EFD56DF293734D5007BB1A1 /* ClovaOCRManager.swift in Sources */ = {isa = PBXBuildFile; fileRef = 2EFD56DE293734D5007BB1A1 /* ClovaOCRManager.swift */; };
/* End PBXBuildFile section */

/* Begin PBXFileReference section */
		2E52B51F293B0798009D6D93 /* GoogleService-Info.plist */ = {isa = PBXFileReference; fileEncoding = 4; lastKnownFileType = text.plist.xml; path = "GoogleService-Info.plist"; sourceTree = "<group>"; };
		2E52B520293B0798009D6D93 /* Secret.plist */ = {isa = PBXFileReference; fileEncoding = 4; lastKnownFileType = text.plist.xml; path = Secret.plist; sourceTree = "<group>"; };
		2E52B527293B5E67009D6D93 /* VoucherDetailView.swift */ = {isa = PBXFileReference; lastKnownFileType = sourcecode.swift; path = VoucherDetailView.swift; sourceTree = "<group>"; };
		2E52B52A293B5F35009D6D93 /* VoucherImage.swift */ = {isa = PBXFileReference; lastKnownFileType = sourcecode.swift; path = VoucherImage.swift; sourceTree = "<group>"; };
		2E985EAD29338E6C00544861 /* SplashView.swift */ = {isa = PBXFileReference; lastKnownFileType = sourcecode.swift; path = SplashView.swift; sourceTree = "<group>"; };
		2E985EAF2933940300544861 /* RootView.swift */ = {isa = PBXFileReference; lastKnownFileType = sourcecode.swift; path = RootView.swift; sourceTree = "<group>"; };
		2E985EB12933986200544861 /* PVUser.swift */ = {isa = PBXFileReference; lastKnownFileType = sourcecode.swift; path = PVUser.swift; sourceTree = "<group>"; };
		2E985EB32933A58200544861 /* Voucher.swift */ = {isa = PBXFileReference; lastKnownFileType = sourcecode.swift; path = Voucher.swift; sourceTree = "<group>"; };
		2E985EBE2933A88300544861 /* MainViewModel.swift */ = {isa = PBXFileReference; lastKnownFileType = sourcecode.swift; path = MainViewModel.swift; sourceTree = "<group>"; };
		2E985EC02933AC0100544861 /* FirestoreManager.swift */ = {isa = PBXFileReference; lastKnownFileType = sourcecode.swift; path = FirestoreManager.swift; sourceTree = "<group>"; };
		2EAAC6A4293A20320041ECFE /* StringExtension.swift */ = {isa = PBXFileReference; lastKnownFileType = sourcecode.swift; path = StringExtension.swift; sourceTree = "<group>"; };
		2EC3ACD6292A4B8700E41148 /* VoucherBox.app */ = {isa = PBXFileReference; explicitFileType = wrapper.application; includeInIndex = 0; path = VoucherBox.app; sourceTree = BUILT_PRODUCTS_DIR; };
		2EC3ACD9292A4B8700E41148 /* VoucherBoxApp.swift */ = {isa = PBXFileReference; lastKnownFileType = sourcecode.swift; path = VoucherBoxApp.swift; sourceTree = "<group>"; };
		2EC3ACDB292A4B8700E41148 /* MainView.swift */ = {isa = PBXFileReference; lastKnownFileType = sourcecode.swift; path = MainView.swift; sourceTree = "<group>"; };
		2EC3ACDD292A4B8900E41148 /* Assets.xcassets */ = {isa = PBXFileReference; lastKnownFileType = folder.assetcatalog; path = Assets.xcassets; sourceTree = "<group>"; };
		2EC3ACE0292A4B8900E41148 /* Preview Assets.xcassets */ = {isa = PBXFileReference; lastKnownFileType = folder.assetcatalog; path = "Preview Assets.xcassets"; sourceTree = "<group>"; };
		2EC6EC24293074E9007ED621 /* FirebaseAuthManager.swift */ = {isa = PBXFileReference; lastKnownFileType = sourcecode.swift; path = FirebaseAuthManager.swift; sourceTree = "<group>"; };
		2EE94372292BA4EF00166EF9 /* AppDelegate.swift */ = {isa = PBXFileReference; fileEncoding = 4; lastKnownFileType = sourcecode.swift; path = AppDelegate.swift; sourceTree = "<group>"; };
		2EE94374292BA4FF00166EF9 /* FirebaseStorageManager.swift */ = {isa = PBXFileReference; fileEncoding = 4; lastKnownFileType = sourcecode.swift; path = FirebaseStorageManager.swift; sourceTree = "<group>"; };
		2EE94376292BA50700166EF9 /* ImagePicker.swift */ = {isa = PBXFileReference; fileEncoding = 4; lastKnownFileType = sourcecode.swift; path = ImagePicker.swift; sourceTree = "<group>"; };
		2EE94378292BA50C00166EF9 /* VoucherAdditionalView.swift */ = {isa = PBXFileReference; fileEncoding = 4; lastKnownFileType = sourcecode.swift; path = VoucherAdditionalView.swift; sourceTree = "<group>"; };
		2EE9437C292BA5A900166EF9 /* VoucherBox+Bundle.swift */ = {isa = PBXFileReference; lastKnownFileType = sourcecode.swift; path = "VoucherBox+Bundle.swift"; sourceTree = "<group>"; };
		2EFD56DC29373292007BB1A1 /* VoucherAdditionalViewModel.swift */ = {isa = PBXFileReference; lastKnownFileType = sourcecode.swift; path = VoucherAdditionalViewModel.swift; sourceTree = "<group>"; };
		2EFD56DE293734D5007BB1A1 /* ClovaOCRManager.swift */ = {isa = PBXFileReference; lastKnownFileType = sourcecode.swift; path = ClovaOCRManager.swift; sourceTree = "<group>"; };
/* End PBXFileReference section */

/* Begin PBXFrameworksBuildPhase section */
		2EC3ACD3292A4B8700E41148 /* Frameworks */ = {
			isa = PBXFrameworksBuildPhase;
			buildActionMask = 2147483647;
			files = (
				2E52B525293B3D71009D6D93 /* SDWebImageSwiftUI in Frameworks */,
				2EE94380292BA8D600166EF9 /* FirebaseAnalytics in Frameworks */,
				2EC6EC23293074D6007ED621 /* FirebaseAuth in Frameworks */,
				2EE94382292BA8D600166EF9 /* FirebaseCrashlytics in Frameworks */,
				2EE94386292BA8D600166EF9 /* FirebasePerformance in Frameworks */,
				2EE94388292BA8D600166EF9 /* FirebaseStorage in Frameworks */,
				2EE94384292BA8D600166EF9 /* FirebaseFirestore in Frameworks */,
			);
			runOnlyForDeploymentPostprocessing = 0;
		};
/* End PBXFrameworksBuildPhase section */

/* Begin PBXGroup section */
		2E52B526293B5E4F009D6D93 /* VoucherDetail */ = {
			isa = PBXGroup;
			children = (
				2E52B527293B5E67009D6D93 /* VoucherDetailView.swift */,
			);
			path = VoucherDetail;
			sourceTree = "<group>";
		};
		2E52B529293B5F07009D6D93 /* UIComponent */ = {
			isa = PBXGroup;
			children = (
				2E52B52A293B5F35009D6D93 /* VoucherImage.swift */,
			);
			path = UIComponent;
			sourceTree = "<group>";
		};
		2E985EB52933A7B100544861 /* Main */ = {
			isa = PBXGroup;
			children = (
				2EC3ACDB292A4B8700E41148 /* MainView.swift */,
				2E985EBE2933A88300544861 /* MainViewModel.swift */,
			);
			path = Main;
			sourceTree = "<group>";
		};
		2E985EB62933A7B700544861 /* Root */ = {
			isa = PBXGroup;
			children = (
				2E985EAF2933940300544861 /* RootView.swift */,
			);
			path = Root;
			sourceTree = "<group>";
		};
		2E985EB72933A7BE00544861 /* Splash */ = {
			isa = PBXGroup;
			children = (
				2E985EAD29338E6C00544861 /* SplashView.swift */,
			);
			path = Splash;
			sourceTree = "<group>";
		};
		2E985EB82933A7CE00544861 /* Common */ = {
			isa = PBXGroup;
			children = (
				2E985EBB2933A7FB00544861 /* Model */,
			);
			path = Common;
			sourceTree = "<group>";
		};
		2E985EB92933A7DF00544861 /* App */ = {
			isa = PBXGroup;
			children = (
				2EC3ACD9292A4B8700E41148 /* VoucherBoxApp.swift */,
				2EE9437C292BA5A900166EF9 /* VoucherBox+Bundle.swift */,
				2EE94372292BA4EF00166EF9 /* AppDelegate.swift */,
			);
			path = App;
			sourceTree = "<group>";
		};
		2E985EBA2933A7F200544861 /* Manager */ = {
			isa = PBXGroup;
			children = (
				2EE94374292BA4FF00166EF9 /* FirebaseStorageManager.swift */,
				2EC6EC24293074E9007ED621 /* FirebaseAuthManager.swift */,
				2E985EC02933AC0100544861 /* FirestoreManager.swift */,
				2EFD56DE293734D5007BB1A1 /* ClovaOCRManager.swift */,
			);
			path = Manager;
			sourceTree = "<group>";
		};
		2E985EBB2933A7FB00544861 /* Model */ = {
			isa = PBXGroup;
			children = (
				2E985EB12933986200544861 /* PVUser.swift */,
				2E985EB32933A58200544861 /* Voucher.swift */,
			);
			path = Model;
			sourceTree = "<group>";
		};
		2E985EBC2933A80600544861 /* Util */ = {
			isa = PBXGroup;
			children = (
				2EAAC6A3293A201C0041ECFE /* Extension */,
				2E985EBA2933A7F200544861 /* Manager */,
				2EE94376292BA50700166EF9 /* ImagePicker.swift */,
			);
			path = Util;
			sourceTree = "<group>";
		};
		2E985EBD2933A83500544861 /* Resource */ = {
			isa = PBXGroup;
			children = (
				2E52B51F293B0798009D6D93 /* GoogleService-Info.plist */,
				2E52B520293B0798009D6D93 /* Secret.plist */,
				2EC3ACDD292A4B8900E41148 /* Assets.xcassets */,
				2EC3ACDF292A4B8900E41148 /* Preview Content */,
			);
			path = Resource;
			sourceTree = "<group>";
		};
		2EAAC6A3293A201C0041ECFE /* Extension */ = {
			isa = PBXGroup;
			children = (
				2EAAC6A4293A20320041ECFE /* StringExtension.swift */,
			);
			path = Extension;
			sourceTree = "<group>";
		};
		2EC3ACCD292A4B8700E41148 = {
			isa = PBXGroup;
			children = (
				2EC3ACD8292A4B8700E41148 /* VoucherBox */,
				2EC3ACD7292A4B8700E41148 /* Products */,
				2EC6EC21293074D6007ED621 /* Frameworks */,
			);
			sourceTree = "<group>";
		};
		2EC3ACD7292A4B8700E41148 /* Products */ = {
			isa = PBXGroup;
			children = (
				2EC3ACD6292A4B8700E41148 /* VoucherBox.app */,
			);
			name = Products;
			sourceTree = "<group>";
		};
		2EC3ACD8292A4B8700E41148 /* VoucherBox */ = {
			isa = PBXGroup;
			children = (
				2E985EB92933A7DF00544861 /* App */,
				2E985EB82933A7CE00544861 /* Common */,
				2E985EBC2933A80600544861 /* Util */,
				2E985EBD2933A83500544861 /* Resource */,
				2E52B529293B5F07009D6D93 /* UIComponent */,
				2E985EB62933A7B700544861 /* Root */,
				2E985EB72933A7BE00544861 /* Splash */,
				2E985EB52933A7B100544861 /* Main */,
				2E52B526293B5E4F009D6D93 /* VoucherDetail */,
				2EFD56DB2937325D007BB1A1 /* VoucherAdditional */,
			);
			path = VoucherBox;
			sourceTree = "<group>";
		};
		2EC3ACDF292A4B8900E41148 /* Preview Content */ = {
			isa = PBXGroup;
			children = (
				2EC3ACE0292A4B8900E41148 /* Preview Assets.xcassets */,
			);
			path = "Preview Content";
			sourceTree = "<group>";
		};
		2EC6EC21293074D6007ED621 /* Frameworks */ = {
			isa = PBXGroup;
			children = (
			);
			name = Frameworks;
			sourceTree = "<group>";
		};
		2EFD56DB2937325D007BB1A1 /* VoucherAdditional */ = {
			isa = PBXGroup;
			children = (
				2EE94378292BA50C00166EF9 /* VoucherAdditionalView.swift */,
				2EFD56DC29373292007BB1A1 /* VoucherAdditionalViewModel.swift */,
			);
			path = VoucherAdditional;
			sourceTree = "<group>";
		};
/* End PBXGroup section */

/* Begin PBXNativeTarget section */
		2EC3ACD5292A4B8700E41148 /* VoucherBox */ = {
			isa = PBXNativeTarget;
			buildConfigurationList = 2EC3ACE4292A4B8900E41148 /* Build configuration list for PBXNativeTarget "VoucherBox" */;
			buildPhases = (
				2EC3ACD2292A4B8700E41148 /* Sources */,
				2EC3ACD3292A4B8700E41148 /* Frameworks */,
				2EC3ACD4292A4B8700E41148 /* Resources */,
			);
			buildRules = (
			);
			dependencies = (
			);
			name = VoucherBox;
			packageProductDependencies = (
				2EE9437F292BA8D600166EF9 /* FirebaseAnalytics */,
				2EE94381292BA8D600166EF9 /* FirebaseCrashlytics */,
				2EE94383292BA8D600166EF9 /* FirebaseFirestore */,
				2EE94385292BA8D600166EF9 /* FirebasePerformance */,
				2EE94387292BA8D600166EF9 /* FirebaseStorage */,
				2EC6EC22293074D6007ED621 /* FirebaseAuth */,
				2E52B524293B3D71009D6D93 /* SDWebImageSwiftUI */,
			);
			productName = VoucherBox;
			productReference = 2EC3ACD6292A4B8700E41148 /* VoucherBox.app */;
			productType = "com.apple.product-type.application";
		};
/* End PBXNativeTarget section */

/* Begin PBXProject section */
		2EC3ACCE292A4B8700E41148 /* Project object */ = {
			isa = PBXProject;
			attributes = {
				BuildIndependentTargetsInParallel = 1;
				LastSwiftUpdateCheck = 1400;
				LastUpgradeCheck = 1400;
				TargetAttributes = {
					2EC3ACD5292A4B8700E41148 = {
						CreatedOnToolsVersion = 14.0;
					};
				};
			};
			buildConfigurationList = 2EC3ACD1292A4B8700E41148 /* Build configuration list for PBXProject "VoucherBox" */;
			compatibilityVersion = "Xcode 14.0";
			developmentRegion = en;
			hasScannedForEncodings = 0;
			knownRegions = (
				en,
				Base,
			);
			mainGroup = 2EC3ACCD292A4B8700E41148;
			packageReferences = (
				2EE9437E292BA8D600166EF9 /* XCRemoteSwiftPackageReference "firebase-ios-sdk" */,
				2E52B523293B3D71009D6D93 /* XCRemoteSwiftPackageReference "SDWebImageSwiftUI" */,
			);
			productRefGroup = 2EC3ACD7292A4B8700E41148 /* Products */;
			projectDirPath = "";
			projectRoot = "";
			targets = (
				2EC3ACD5292A4B8700E41148 /* VoucherBox */,
			);
		};
/* End PBXProject section */

/* Begin PBXResourcesBuildPhase section */
		2EC3ACD4292A4B8700E41148 /* Resources */ = {
			isa = PBXResourcesBuildPhase;
			buildActionMask = 2147483647;
			files = (
				2E52B522293B0798009D6D93 /* Secret.plist in Resources */,
				2EC3ACE1292A4B8900E41148 /* Preview Assets.xcassets in Resources */,
				2EC3ACDE292A4B8900E41148 /* Assets.xcassets in Resources */,
				2E52B521293B0798009D6D93 /* GoogleService-Info.plist in Resources */,
			);
			runOnlyForDeploymentPostprocessing = 0;
		};
/* End PBXResourcesBuildPhase section */

/* Begin PBXSourcesBuildPhase section */
		2EC3ACD2292A4B8700E41148 /* Sources */ = {
			isa = PBXSourcesBuildPhase;
			buildActionMask = 2147483647;
			files = (
				2E985EB42933A58200544861 /* Voucher.swift in Sources */,
				2E985EC12933AC0100544861 /* FirestoreManager.swift in Sources */,
				2EE94375292BA4FF00166EF9 /* FirebaseStorageManager.swift in Sources */,
				2EE94373292BA4EF00166EF9 /* AppDelegate.swift in Sources */,
				2EFD56DF293734D5007BB1A1 /* ClovaOCRManager.swift in Sources */,
				2E985EB22933986200544861 /* PVUser.swift in Sources */,
				2EC6EC25293074E9007ED621 /* FirebaseAuthManager.swift in Sources */,
				2EFD56DD29373292007BB1A1 /* VoucherAdditionalViewModel.swift in Sources */,
				2EAAC6A5293A20320041ECFE /* StringExtension.swift in Sources */,
				2E985EBF2933A88300544861 /* MainViewModel.swift in Sources */,
				2E52B52B293B5F35009D6D93 /* VoucherImage.swift in Sources */,
				2EE94377292BA50700166EF9 /* ImagePicker.swift in Sources */,
				2E985EB02933940300544861 /* RootView.swift in Sources */,
				2EC3ACDC292A4B8700E41148 /* MainView.swift in Sources */,
				2EE94379292BA50C00166EF9 /* VoucherAdditionalView.swift in Sources */,
				2EE9437D292BA5A900166EF9 /* VoucherBox+Bundle.swift in Sources */,
				2E52B528293B5E67009D6D93 /* VoucherDetailView.swift in Sources */,
				2EC3ACDA292A4B8700E41148 /* VoucherBoxApp.swift in Sources */,
				2E985EAE29338E6C00544861 /* SplashView.swift in Sources */,
			);
			runOnlyForDeploymentPostprocessing = 0;
		};
/* End PBXSourcesBuildPhase section */

/* Begin XCBuildConfiguration section */
		2EC3ACE2292A4B8900E41148 /* Debug */ = {
			isa = XCBuildConfiguration;
			buildSettings = {
				ALWAYS_SEARCH_USER_PATHS = NO;
				CLANG_ANALYZER_NONNULL = YES;
				CLANG_ANALYZER_NUMBER_OBJECT_CONVERSION = YES_AGGRESSIVE;
				CLANG_CXX_LANGUAGE_STANDARD = "gnu++20";
				CLANG_ENABLE_MODULES = YES;
				CLANG_ENABLE_OBJC_ARC = YES;
				CLANG_ENABLE_OBJC_WEAK = YES;
				CLANG_WARN_BLOCK_CAPTURE_AUTORELEASING = YES;
				CLANG_WARN_BOOL_CONVERSION = YES;
				CLANG_WARN_COMMA = YES;
				CLANG_WARN_CONSTANT_CONVERSION = YES;
				CLANG_WARN_DEPRECATED_OBJC_IMPLEMENTATIONS = YES;
				CLANG_WARN_DIRECT_OBJC_ISA_USAGE = YES_ERROR;
				CLANG_WARN_DOCUMENTATION_COMMENTS = YES;
				CLANG_WARN_EMPTY_BODY = YES;
				CLANG_WARN_ENUM_CONVERSION = YES;
				CLANG_WARN_INFINITE_RECURSION = YES;
				CLANG_WARN_INT_CONVERSION = YES;
				CLANG_WARN_NON_LITERAL_NULL_CONVERSION = YES;
				CLANG_WARN_OBJC_IMPLICIT_RETAIN_SELF = YES;
				CLANG_WARN_OBJC_LITERAL_CONVERSION = YES;
				CLANG_WARN_OBJC_ROOT_CLASS = YES_ERROR;
				CLANG_WARN_QUOTED_INCLUDE_IN_FRAMEWORK_HEADER = YES;
				CLANG_WARN_RANGE_LOOP_ANALYSIS = YES;
				CLANG_WARN_STRICT_PROTOTYPES = YES;
				CLANG_WARN_SUSPICIOUS_MOVE = YES;
				CLANG_WARN_UNGUARDED_AVAILABILITY = YES_AGGRESSIVE;
				CLANG_WARN_UNREACHABLE_CODE = YES;
				CLANG_WARN__DUPLICATE_METHOD_MATCH = YES;
				COPY_PHASE_STRIP = NO;
				DEBUG_INFORMATION_FORMAT = dwarf;
				ENABLE_STRICT_OBJC_MSGSEND = YES;
				ENABLE_TESTABILITY = YES;
				GCC_C_LANGUAGE_STANDARD = gnu11;
				GCC_DYNAMIC_NO_PIC = NO;
				GCC_NO_COMMON_BLOCKS = YES;
				GCC_OPTIMIZATION_LEVEL = 0;
				GCC_PREPROCESSOR_DEFINITIONS = (
					"DEBUG=1",
					"$(inherited)",
				);
				GCC_WARN_64_TO_32_BIT_CONVERSION = YES;
				GCC_WARN_ABOUT_RETURN_TYPE = YES_ERROR;
				GCC_WARN_UNDECLARED_SELECTOR = YES;
				GCC_WARN_UNINITIALIZED_AUTOS = YES_AGGRESSIVE;
				GCC_WARN_UNUSED_FUNCTION = YES;
				GCC_WARN_UNUSED_VARIABLE = YES;
				IPHONEOS_DEPLOYMENT_TARGET = 16.0;
				MTL_ENABLE_DEBUG_INFO = INCLUDE_SOURCE;
				MTL_FAST_MATH = YES;
				ONLY_ACTIVE_ARCH = YES;
				SDKROOT = iphoneos;
				SWIFT_ACTIVE_COMPILATION_CONDITIONS = DEBUG;
				SWIFT_OPTIMIZATION_LEVEL = "-Onone";
			};
			name = Debug;
		};
		2EC3ACE3292A4B8900E41148 /* Release */ = {
			isa = XCBuildConfiguration;
			buildSettings = {
				ALWAYS_SEARCH_USER_PATHS = NO;
				CLANG_ANALYZER_NONNULL = YES;
				CLANG_ANALYZER_NUMBER_OBJECT_CONVERSION = YES_AGGRESSIVE;
				CLANG_CXX_LANGUAGE_STANDARD = "gnu++20";
				CLANG_ENABLE_MODULES = YES;
				CLANG_ENABLE_OBJC_ARC = YES;
				CLANG_ENABLE_OBJC_WEAK = YES;
				CLANG_WARN_BLOCK_CAPTURE_AUTORELEASING = YES;
				CLANG_WARN_BOOL_CONVERSION = YES;
				CLANG_WARN_COMMA = YES;
				CLANG_WARN_CONSTANT_CONVERSION = YES;
				CLANG_WARN_DEPRECATED_OBJC_IMPLEMENTATIONS = YES;
				CLANG_WARN_DIRECT_OBJC_ISA_USAGE = YES_ERROR;
				CLANG_WARN_DOCUMENTATION_COMMENTS = YES;
				CLANG_WARN_EMPTY_BODY = YES;
				CLANG_WARN_ENUM_CONVERSION = YES;
				CLANG_WARN_INFINITE_RECURSION = YES;
				CLANG_WARN_INT_CONVERSION = YES;
				CLANG_WARN_NON_LITERAL_NULL_CONVERSION = YES;
				CLANG_WARN_OBJC_IMPLICIT_RETAIN_SELF = YES;
				CLANG_WARN_OBJC_LITERAL_CONVERSION = YES;
				CLANG_WARN_OBJC_ROOT_CLASS = YES_ERROR;
				CLANG_WARN_QUOTED_INCLUDE_IN_FRAMEWORK_HEADER = YES;
				CLANG_WARN_RANGE_LOOP_ANALYSIS = YES;
				CLANG_WARN_STRICT_PROTOTYPES = YES;
				CLANG_WARN_SUSPICIOUS_MOVE = YES;
				CLANG_WARN_UNGUARDED_AVAILABILITY = YES_AGGRESSIVE;
				CLANG_WARN_UNREACHABLE_CODE = YES;
				CLANG_WARN__DUPLICATE_METHOD_MATCH = YES;
				COPY_PHASE_STRIP = NO;
				DEBUG_INFORMATION_FORMAT = "dwarf-with-dsym";
				ENABLE_NS_ASSERTIONS = NO;
				ENABLE_STRICT_OBJC_MSGSEND = YES;
				GCC_C_LANGUAGE_STANDARD = gnu11;
				GCC_NO_COMMON_BLOCKS = YES;
				GCC_WARN_64_TO_32_BIT_CONVERSION = YES;
				GCC_WARN_ABOUT_RETURN_TYPE = YES_ERROR;
				GCC_WARN_UNDECLARED_SELECTOR = YES;
				GCC_WARN_UNINITIALIZED_AUTOS = YES_AGGRESSIVE;
				GCC_WARN_UNUSED_FUNCTION = YES;
				GCC_WARN_UNUSED_VARIABLE = YES;
				IPHONEOS_DEPLOYMENT_TARGET = 16.0;
				MTL_ENABLE_DEBUG_INFO = NO;
				MTL_FAST_MATH = YES;
				SDKROOT = iphoneos;
				SWIFT_COMPILATION_MODE = wholemodule;
				SWIFT_OPTIMIZATION_LEVEL = "-O";
				VALIDATE_PRODUCT = YES;
			};
			name = Release;
		};
		2EC3ACE5292A4B8900E41148 /* Debug */ = {
			isa = XCBuildConfiguration;
			buildSettings = {
				ASSETCATALOG_COMPILER_APPICON_NAME = AppIcon;
				ASSETCATALOG_COMPILER_GLOBAL_ACCENT_COLOR_NAME = AccentColor;
				CODE_SIGN_STYLE = Automatic;
				CURRENT_PROJECT_VERSION = 1;
				DEVELOPMENT_ASSET_PATHS = "\"VoucherBox/Resource/Preview Content\"";
				DEVELOPMENT_TEAM = 2PJ23MZ7RT;
				ENABLE_PREVIEWS = YES;
				GENERATE_INFOPLIST_FILE = YES;
				INFOPLIST_KEY_UIApplicationSceneManifest_Generation = YES;
				INFOPLIST_KEY_UIApplicationSupportsIndirectInputEvents = YES;
				INFOPLIST_KEY_UILaunchScreen_Generation = YES;
				INFOPLIST_KEY_UISupportedInterfaceOrientations_iPad = "UIInterfaceOrientationPortrait UIInterfaceOrientationPortraitUpsideDown UIInterfaceOrientationLandscapeLeft UIInterfaceOrientationLandscapeRight";
				INFOPLIST_KEY_UISupportedInterfaceOrientations_iPhone = "UIInterfaceOrientationPortrait UIInterfaceOrientationLandscapeLeft UIInterfaceOrientationLandscapeRight";
				LD_RUNPATH_SEARCH_PATHS = (
					"$(inherited)",
					"@executable_path/Frameworks",
				);
				MARKETING_VERSION = 1.0;
				PRODUCT_BUNDLE_IDENTIFIER = com.chance.VoucherBox;
				PRODUCT_NAME = "$(TARGET_NAME)";
				SWIFT_EMIT_LOC_STRINGS = YES;
				SWIFT_VERSION = 5.0;
				TARGETED_DEVICE_FAMILY = "1,2";
			};
			name = Debug;
		};
		2EC3ACE6292A4B8900E41148 /* Release */ = {
			isa = XCBuildConfiguration;
			buildSettings = {
				ASSETCATALOG_COMPILER_APPICON_NAME = AppIcon;
				ASSETCATALOG_COMPILER_GLOBAL_ACCENT_COLOR_NAME = AccentColor;
				CODE_SIGN_STYLE = Automatic;
				CURRENT_PROJECT_VERSION = 1;
				DEVELOPMENT_ASSET_PATHS = "\"VoucherBox/Resource/Preview Content\"";
				DEVELOPMENT_TEAM = 2PJ23MZ7RT;
				ENABLE_PREVIEWS = YES;
				GENERATE_INFOPLIST_FILE = YES;
				INFOPLIST_KEY_UIApplicationSceneManifest_Generation = YES;
				INFOPLIST_KEY_UIApplicationSupportsIndirectInputEvents = YES;
				INFOPLIST_KEY_UILaunchScreen_Generation = YES;
				INFOPLIST_KEY_UISupportedInterfaceOrientations_iPad = "UIInterfaceOrientationPortrait UIInterfaceOrientationPortraitUpsideDown UIInterfaceOrientationLandscapeLeft UIInterfaceOrientationLandscapeRight";
				INFOPLIST_KEY_UISupportedInterfaceOrientations_iPhone = "UIInterfaceOrientationPortrait UIInterfaceOrientationLandscapeLeft UIInterfaceOrientationLandscapeRight";
				LD_RUNPATH_SEARCH_PATHS = (
					"$(inherited)",
					"@executable_path/Frameworks",
				);
				MARKETING_VERSION = 1.0;
				PRODUCT_BUNDLE_IDENTIFIER = com.chance.VoucherBox;
				PRODUCT_NAME = "$(TARGET_NAME)";
				SWIFT_EMIT_LOC_STRINGS = YES;
				SWIFT_VERSION = 5.0;
				TARGETED_DEVICE_FAMILY = "1,2";
			};
			name = Release;
		};
/* End XCBuildConfiguration section */

/* Begin XCConfigurationList section */
		2EC3ACD1292A4B8700E41148 /* Build configuration list for PBXProject "VoucherBox" */ = {
			isa = XCConfigurationList;
			buildConfigurations = (
				2EC3ACE2292A4B8900E41148 /* Debug */,
				2EC3ACE3292A4B8900E41148 /* Release */,
			);
			defaultConfigurationIsVisible = 0;
			defaultConfigurationName = Release;
		};
		2EC3ACE4292A4B8900E41148 /* Build configuration list for PBXNativeTarget "VoucherBox" */ = {
			isa = XCConfigurationList;
			buildConfigurations = (
				2EC3ACE5292A4B8900E41148 /* Debug */,
				2EC3ACE6292A4B8900E41148 /* Release */,
			);
			defaultConfigurationIsVisible = 0;
			defaultConfigurationName = Release;
		};
/* End XCConfigurationList section */

/* Begin XCRemoteSwiftPackageReference section */
		2E52B523293B3D71009D6D93 /* XCRemoteSwiftPackageReference "SDWebImageSwiftUI" */ = {
			isa = XCRemoteSwiftPackageReference;
			repositoryURL = "https://github.com/SDWebImage/SDWebImageSwiftUI.git";
			requirement = {
				branch = master;
				kind = branch;
			};
		};
		2EE9437E292BA8D600166EF9 /* XCRemoteSwiftPackageReference "firebase-ios-sdk" */ = {
			isa = XCRemoteSwiftPackageReference;
			repositoryURL = "https://github.com/firebase/firebase-ios-sdk";
			requirement = {
				branch = master;
				kind = branch;
			};
		};
/* End XCRemoteSwiftPackageReference section */

/* Begin XCSwiftPackageProductDependency section */
		2E52B524293B3D71009D6D93 /* SDWebImageSwiftUI */ = {
			isa = XCSwiftPackageProductDependency;
			package = 2E52B523293B3D71009D6D93 /* XCRemoteSwiftPackageReference "SDWebImageSwiftUI" */;
			productName = SDWebImageSwiftUI;
		};
		2EC6EC22293074D6007ED621 /* FirebaseAuth */ = {
			isa = XCSwiftPackageProductDependency;
			package = 2EE9437E292BA8D600166EF9 /* XCRemoteSwiftPackageReference "firebase-ios-sdk" */;
			productName = FirebaseAuth;
		};
		2EE9437F292BA8D600166EF9 /* FirebaseAnalytics */ = {
			isa = XCSwiftPackageProductDependency;
			package = 2EE9437E292BA8D600166EF9 /* XCRemoteSwiftPackageReference "firebase-ios-sdk" */;
			productName = FirebaseAnalytics;
		};
		2EE94381292BA8D600166EF9 /* FirebaseCrashlytics */ = {
			isa = XCSwiftPackageProductDependency;
			package = 2EE9437E292BA8D600166EF9 /* XCRemoteSwiftPackageReference "firebase-ios-sdk" */;
			productName = FirebaseCrashlytics;
		};
		2EE94383292BA8D600166EF9 /* FirebaseFirestore */ = {
			isa = XCSwiftPackageProductDependency;
			package = 2EE9437E292BA8D600166EF9 /* XCRemoteSwiftPackageReference "firebase-ios-sdk" */;
			productName = FirebaseFirestore;
		};
		2EE94385292BA8D600166EF9 /* FirebasePerformance */ = {
			isa = XCSwiftPackageProductDependency;
			package = 2EE9437E292BA8D600166EF9 /* XCRemoteSwiftPackageReference "firebase-ios-sdk" */;
			productName = FirebasePerformance;
		};
		2EE94387292BA8D600166EF9 /* FirebaseStorage */ = {
			isa = XCSwiftPackageProductDependency;
			package = 2EE9437E292BA8D600166EF9 /* XCRemoteSwiftPackageReference "firebase-ios-sdk" */;
			productName = FirebaseStorage;
		};
/* End XCSwiftPackageProductDependency section */
	};
	rootObject = 2EC3ACCE292A4B8700E41148 /* Project object */;
}
