// !$*UTF8*$!
{
	archiveVersion = 1;
	classes = {
	};
	objectVersion = 56;
	objects = {

/* Begin PBXBuildFile section */
		2EC3ACDA292A4B8700E41148 /* VoucherBoxApp.swift in Sources */ = {isa = PBXBuildFile; fileRef = 2EC3ACD9292A4B8700E41148 /* VoucherBoxApp.swift */; };
		2EC3ACDC292A4B8700E41148 /* ContentView.swift in Sources */ = {isa = PBXBuildFile; fileRef = 2EC3ACDB292A4B8700E41148 /* ContentView.swift */; };
		2EC3ACDE292A4B8900E41148 /* Assets.xcassets in Resources */ = {isa = PBXBuildFile; fileRef = 2EC3ACDD292A4B8900E41148 /* Assets.xcassets */; };
		2EC3ACE1292A4B8900E41148 /* Preview Assets.xcassets in Resources */ = {isa = PBXBuildFile; fileRef = 2EC3ACE0292A4B8900E41148 /* Preview Assets.xcassets */; };
		2EE94371292BA4E700166EF9 /* GoogleService-Info.plist in Resources */ = {isa = PBXBuildFile; fileRef = 2EE94370292BA4E700166EF9 /* GoogleService-Info.plist */; };
		2EE94373292BA4EF00166EF9 /* AppDelegate.swift in Sources */ = {isa = PBXBuildFile; fileRef = 2EE94372292BA4EF00166EF9 /* AppDelegate.swift */; };
		2EE94375292BA4FF00166EF9 /* FirebaseStorageManager.swift in Sources */ = {isa = PBXBuildFile; fileRef = 2EE94374292BA4FF00166EF9 /* FirebaseStorageManager.swift */; };
		2EE94377292BA50700166EF9 /* ImagePicker.swift in Sources */ = {isa = PBXBuildFile; fileRef = 2EE94376292BA50700166EF9 /* ImagePicker.swift */; };
		2EE94379292BA50C00166EF9 /* VoucherAdditionalView.swift in Sources */ = {isa = PBXBuildFile; fileRef = 2EE94378292BA50C00166EF9 /* VoucherAdditionalView.swift */; };
		2EE9437B292BA54E00166EF9 /* Secret.plist in Resources */ = {isa = PBXBuildFile; fileRef = 2EE9437A292BA54E00166EF9 /* Secret.plist */; };
		2EE9437D292BA5A900166EF9 /* VoucherBox+Bundle.swift in Sources */ = {isa = PBXBuildFile; fileRef = 2EE9437C292BA5A900166EF9 /* VoucherBox+Bundle.swift */; };
		2EE94380292BA8D600166EF9 /* FirebaseAnalytics in Frameworks */ = {isa = PBXBuildFile; productRef = 2EE9437F292BA8D600166EF9 /* FirebaseAnalytics */; };
		2EE94382292BA8D600166EF9 /* FirebaseCrashlytics in Frameworks */ = {isa = PBXBuildFile; productRef = 2EE94381292BA8D600166EF9 /* FirebaseCrashlytics */; };
		2EE94384292BA8D600166EF9 /* FirebaseFirestore in Frameworks */ = {isa = PBXBuildFile; productRef = 2EE94383292BA8D600166EF9 /* FirebaseFirestore */; };
		2EE94386292BA8D600166EF9 /* FirebasePerformance in Frameworks */ = {isa = PBXBuildFile; productRef = 2EE94385292BA8D600166EF9 /* FirebasePerformance */; };
		2EE94388292BA8D600166EF9 /* FirebaseStorage in Frameworks */ = {isa = PBXBuildFile; productRef = 2EE94387292BA8D600166EF9 /* FirebaseStorage */; };
/* End PBXBuildFile section */

/* Begin PBXFileReference section */
		2EC3ACD6292A4B8700E41148 /* VoucherBox.app */ = {isa = PBXFileReference; explicitFileType = wrapper.application; includeInIndex = 0; path = VoucherBox.app; sourceTree = BUILT_PRODUCTS_DIR; };
		2EC3ACD9292A4B8700E41148 /* VoucherBoxApp.swift */ = {isa = PBXFileReference; lastKnownFileType = sourcecode.swift; path = VoucherBoxApp.swift; sourceTree = "<group>"; };
		2EC3ACDB292A4B8700E41148 /* ContentView.swift */ = {isa = PBXFileReference; lastKnownFileType = sourcecode.swift; path = ContentView.swift; sourceTree = "<group>"; };
		2EC3ACDD292A4B8900E41148 /* Assets.xcassets */ = {isa = PBXFileReference; lastKnownFileType = folder.assetcatalog; path = Assets.xcassets; sourceTree = "<group>"; };
		2EC3ACE0292A4B8900E41148 /* Preview Assets.xcassets */ = {isa = PBXFileReference; lastKnownFileType = folder.assetcatalog; path = "Preview Assets.xcassets"; sourceTree = "<group>"; };
		2EE94370292BA4E700166EF9 /* GoogleService-Info.plist */ = {isa = PBXFileReference; fileEncoding = 4; lastKnownFileType = text.plist.xml; path = "GoogleService-Info.plist"; sourceTree = "<group>"; };
		2EE94372292BA4EF00166EF9 /* AppDelegate.swift */ = {isa = PBXFileReference; fileEncoding = 4; lastKnownFileType = sourcecode.swift; path = AppDelegate.swift; sourceTree = "<group>"; };
		2EE94374292BA4FF00166EF9 /* FirebaseStorageManager.swift */ = {isa = PBXFileReference; fileEncoding = 4; lastKnownFileType = sourcecode.swift; path = FirebaseStorageManager.swift; sourceTree = "<group>"; };
		2EE94376292BA50700166EF9 /* ImagePicker.swift */ = {isa = PBXFileReference; fileEncoding = 4; lastKnownFileType = sourcecode.swift; path = ImagePicker.swift; sourceTree = "<group>"; };
		2EE94378292BA50C00166EF9 /* VoucherAdditionalView.swift */ = {isa = PBXFileReference; fileEncoding = 4; lastKnownFileType = sourcecode.swift; path = VoucherAdditionalView.swift; sourceTree = "<group>"; };
		2EE9437A292BA54E00166EF9 /* Secret.plist */ = {isa = PBXFileReference; lastKnownFileType = text.plist.xml; path = Secret.plist; sourceTree = "<group>"; };
		2EE9437C292BA5A900166EF9 /* VoucherBox+Bundle.swift */ = {isa = PBXFileReference; lastKnownFileType = sourcecode.swift; path = "VoucherBox+Bundle.swift"; sourceTree = "<group>"; };
/* End PBXFileReference section */

/* Begin PBXFrameworksBuildPhase section */
		2EC3ACD3292A4B8700E41148 /* Frameworks */ = {
			isa = PBXFrameworksBuildPhase;
			buildActionMask = 2147483647;
			files = (
				2EE94380292BA8D600166EF9 /* FirebaseAnalytics in Frameworks */,
				2EE94382292BA8D600166EF9 /* FirebaseCrashlytics in Frameworks */,
				2EE94386292BA8D600166EF9 /* FirebasePerformance in Frameworks */,
				2EE94388292BA8D600166EF9 /* FirebaseStorage in Frameworks */,
				2EE94384292BA8D600166EF9 /* FirebaseFirestore in Frameworks */,
			);
			runOnlyForDeploymentPostprocessing = 0;
		};
/* End PBXFrameworksBuildPhase section */

/* Begin PBXGroup section */
		2EC3ACCD292A4B8700E41148 = {
			isa = PBXGroup;
			children = (
				2EC3ACD8292A4B8700E41148 /* VoucherBox */,
				2EC3ACD7292A4B8700E41148 /* Products */,
			);
			sourceTree = "<group>";
		};
		2EC3ACD7292A4B8700E41148 /* Products */ = {
			isa = PBXGroup;
			children = (
				2EC3ACD6292A4B8700E41148 /* VoucherBox.app */,
			);
			name = Products;
			sourceTree = "<group>";
		};
		2EC3ACD8292A4B8700E41148 /* VoucherBox */ = {
			isa = PBXGroup;
			children = (
				2EC3ACD9292A4B8700E41148 /* VoucherBoxApp.swift */,
				2EC3ACDB292A4B8700E41148 /* ContentView.swift */,
				2EE94378292BA50C00166EF9 /* VoucherAdditionalView.swift */,
				2EE94372292BA4EF00166EF9 /* AppDelegate.swift */,
				2EE94374292BA4FF00166EF9 /* FirebaseStorageManager.swift */,
				2EE94376292BA50700166EF9 /* ImagePicker.swift */,
				2EE9437A292BA54E00166EF9 /* Secret.plist */,
				2EE9437C292BA5A900166EF9 /* VoucherBox+Bundle.swift */,
				2EE94370292BA4E700166EF9 /* GoogleService-Info.plist */,
				2EC3ACDD292A4B8900E41148 /* Assets.xcassets */,
				2EC3ACDF292A4B8900E41148 /* Preview Content */,
			);
			path = VoucherBox;
			sourceTree = "<group>";
		};
		2EC3ACDF292A4B8900E41148 /* Preview Content */ = {
			isa = PBXGroup;
			children = (
				2EC3ACE0292A4B8900E41148 /* Preview Assets.xcassets */,
			);
			path = "Preview Content";
			sourceTree = "<group>";
		};
/* End PBXGroup section */

/* Begin PBXNativeTarget section */
		2EC3ACD5292A4B8700E41148 /* VoucherBox */ = {
			isa = PBXNativeTarget;
			buildConfigurationList = 2EC3ACE4292A4B8900E41148 /* Build configuration list for PBXNativeTarget "VoucherBox" */;
			buildPhases = (
				2EC3ACD2292A4B8700E41148 /* Sources */,
				2EC3ACD3292A4B8700E41148 /* Frameworks */,
				2EC3ACD4292A4B8700E41148 /* Resources */,
			);
			buildRules = (
			);
			dependencies = (
			);
			name = VoucherBox;
			packageProductDependencies = (
				2EE9437F292BA8D600166EF9 /* FirebaseAnalytics */,
				2EE94381292BA8D600166EF9 /* FirebaseCrashlytics */,
				2EE94383292BA8D600166EF9 /* FirebaseFirestore */,
				2EE94385292BA8D600166EF9 /* FirebasePerformance */,
				2EE94387292BA8D600166EF9 /* FirebaseStorage */,
			);
			productName = VoucherBox;
			productReference = 2EC3ACD6292A4B8700E41148 /* VoucherBox.app */;
			productType = "com.apple.product-type.application";
		};
/* End PBXNativeTarget section */

/* Begin PBXProject section */
		2EC3ACCE292A4B8700E41148 /* Project object */ = {
			isa = PBXProject;
			attributes = {
				BuildIndependentTargetsInParallel = 1;
				LastSwiftUpdateCheck = 1400;
				LastUpgradeCheck = 1400;
				TargetAttributes = {
					2EC3ACD5292A4B8700E41148 = {
						CreatedOnToolsVersion = 14.0;
					};
				};
			};
			buildConfigurationList = 2EC3ACD1292A4B8700E41148 /* Build configuration list for PBXProject "VoucherBox" */;
			compatibilityVersion = "Xcode 14.0";
			developmentRegion = en;
			hasScannedForEncodings = 0;
			knownRegions = (
				en,
				Base,
			);
			mainGroup = 2EC3ACCD292A4B8700E41148;
			packageReferences = (
				2EE9437E292BA8D600166EF9 /* XCRemoteSwiftPackageReference "firebase-ios-sdk" */,
			);
			productRefGroup = 2EC3ACD7292A4B8700E41148 /* Products */;
			projectDirPath = "";
			projectRoot = "";
			targets = (
				2EC3ACD5292A4B8700E41148 /* VoucherBox */,
			);
		};
/* End PBXProject section */

/* Begin PBXResourcesBuildPhase section */
		2EC3ACD4292A4B8700E41148 /* Resources */ = {
			isa = PBXResourcesBuildPhase;
			buildActionMask = 2147483647;
			files = (
				2EE9437B292BA54E00166EF9 /* Secret.plist in Resources */,
				2EC3ACE1292A4B8900E41148 /* Preview Assets.xcassets in Resources */,
				2EC3ACDE292A4B8900E41148 /* Assets.xcassets in Resources */,
				2EE94371292BA4E700166EF9 /* GoogleService-Info.plist in Resources */,
			);
			runOnlyForDeploymentPostprocessing = 0;
		};
/* End PBXResourcesBuildPhase section */

/* Begin PBXSourcesBuildPhase section */
		2EC3ACD2292A4B8700E41148 /* Sources */ = {
			isa = PBXSourcesBuildPhase;
			buildActionMask = 2147483647;
			files = (
				2EE94375292BA4FF00166EF9 /* FirebaseStorageManager.swift in Sources */,
				2EE94373292BA4EF00166EF9 /* AppDelegate.swift in Sources */,
				2EE94377292BA50700166EF9 /* ImagePicker.swift in Sources */,
				2EC3ACDC292A4B8700E41148 /* ContentView.swift in Sources */,
				2EE94379292BA50C00166EF9 /* VoucherAdditionalView.swift in Sources */,
				2EE9437D292BA5A900166EF9 /* VoucherBox+Bundle.swift in Sources */,
				2EC3ACDA292A4B8700E41148 /* VoucherBoxApp.swift in Sources */,
			);
			runOnlyForDeploymentPostprocessing = 0;
		};
/* End PBXSourcesBuildPhase section */

/* Begin XCBuildConfiguration section */
		2EC3ACE2292A4B8900E41148 /* Debug */ = {
			isa = XCBuildConfiguration;
			buildSettings = {
				ALWAYS_SEARCH_USER_PATHS = NO;
				CLANG_ANALYZER_NONNULL = YES;
				CLANG_ANALYZER_NUMBER_OBJECT_CONVERSION = YES_AGGRESSIVE;
				CLANG_CXX_LANGUAGE_STANDARD = "gnu++20";
				CLANG_ENABLE_MODULES = YES;
				CLANG_ENABLE_OBJC_ARC = YES;
				CLANG_ENABLE_OBJC_WEAK = YES;
				CLANG_WARN_BLOCK_CAPTURE_AUTORELEASING = YES;
				CLANG_WARN_BOOL_CONVERSION = YES;
				CLANG_WARN_COMMA = YES;
				CLANG_WARN_CONSTANT_CONVERSION = YES;
				CLANG_WARN_DEPRECATED_OBJC_IMPLEMENTATIONS = YES;
				CLANG_WARN_DIRECT_OBJC_ISA_USAGE = YES_ERROR;
				CLANG_WARN_DOCUMENTATION_COMMENTS = YES;
				CLANG_WARN_EMPTY_BODY = YES;
				CLANG_WARN_ENUM_CONVERSION = YES;
				CLANG_WARN_INFINITE_RECURSION = YES;
				CLANG_WARN_INT_CONVERSION = YES;
				CLANG_WARN_NON_LITERAL_NULL_CONVERSION = YES;
				CLANG_WARN_OBJC_IMPLICIT_RETAIN_SELF = YES;
				CLANG_WARN_OBJC_LITERAL_CONVERSION = YES;
				CLANG_WARN_OBJC_ROOT_CLASS = YES_ERROR;
				CLANG_WARN_QUOTED_INCLUDE_IN_FRAMEWORK_HEADER = YES;
				CLANG_WARN_RANGE_LOOP_ANALYSIS = YES;
				CLANG_WARN_STRICT_PROTOTYPES = YES;
				CLANG_WARN_SUSPICIOUS_MOVE = YES;
				CLANG_WARN_UNGUARDED_AVAILABILITY = YES_AGGRESSIVE;
				CLANG_WARN_UNREACHABLE_CODE = YES;
				CLANG_WARN__DUPLICATE_METHOD_MATCH = YES;
				COPY_PHASE_STRIP = NO;
				DEBUG_INFORMATION_FORMAT = dwarf;
				ENABLE_STRICT_OBJC_MSGSEND = YES;
				ENABLE_TESTABILITY = YES;
				GCC_C_LANGUAGE_STANDARD = gnu11;
				GCC_DYNAMIC_NO_PIC = NO;
				GCC_NO_COMMON_BLOCKS = YES;
				GCC_OPTIMIZATION_LEVEL = 0;
				GCC_PREPROCESSOR_DEFINITIONS = (
					"DEBUG=1",
					"$(inherited)",
				);
				GCC_WARN_64_TO_32_BIT_CONVERSION = YES;
				GCC_WARN_ABOUT_RETURN_TYPE = YES_ERROR;
				GCC_WARN_UNDECLARED_SELECTOR = YES;
				GCC_WARN_UNINITIALIZED_AUTOS = YES_AGGRESSIVE;
				GCC_WARN_UNUSED_FUNCTION = YES;
				GCC_WARN_UNUSED_VARIABLE = YES;
				IPHONEOS_DEPLOYMENT_TARGET = 16.0;
				MTL_ENABLE_DEBUG_INFO = INCLUDE_SOURCE;
				MTL_FAST_MATH = YES;
				ONLY_ACTIVE_ARCH = YES;
				SDKROOT = iphoneos;
				SWIFT_ACTIVE_COMPILATION_CONDITIONS = DEBUG;
				SWIFT_OPTIMIZATION_LEVEL = "-Onone";
			};
			name = Debug;
		};
		2EC3ACE3292A4B8900E41148 /* Release */ = {
			isa = XCBuildConfiguration;
			buildSettings = {
				ALWAYS_SEARCH_USER_PATHS = NO;
				CLANG_ANALYZER_NONNULL = YES;
				CLANG_ANALYZER_NUMBER_OBJECT_CONVERSION = YES_AGGRESSIVE;
				CLANG_CXX_LANGUAGE_STANDARD = "gnu++20";
				CLANG_ENABLE_MODULES = YES;
				CLANG_ENABLE_OBJC_ARC = YES;
				CLANG_ENABLE_OBJC_WEAK = YES;
				CLANG_WARN_BLOCK_CAPTURE_AUTORELEASING = YES;
				CLANG_WARN_BOOL_CONVERSION = YES;
				CLANG_WARN_COMMA = YES;
				CLANG_WARN_CONSTANT_CONVERSION = YES;
				CLANG_WARN_DEPRECATED_OBJC_IMPLEMENTATIONS = YES;
				CLANG_WARN_DIRECT_OBJC_ISA_USAGE = YES_ERROR;
				CLANG_WARN_DOCUMENTATION_COMMENTS = YES;
				CLANG_WARN_EMPTY_BODY = YES;
				CLANG_WARN_ENUM_CONVERSION = YES;
				CLANG_WARN_INFINITE_RECURSION = YES;
				CLANG_WARN_INT_CONVERSION = YES;
				CLANG_WARN_NON_LITERAL_NULL_CONVERSION = YES;
				CLANG_WARN_OBJC_IMPLICIT_RETAIN_SELF = YES;
				CLANG_WARN_OBJC_LITERAL_CONVERSION = YES;
				CLANG_WARN_OBJC_ROOT_CLASS = YES_ERROR;
				CLANG_WARN_QUOTED_INCLUDE_IN_FRAMEWORK_HEADER = YES;
				CLANG_WARN_RANGE_LOOP_ANALYSIS = YES;
				CLANG_WARN_STRICT_PROTOTYPES = YES;
				CLANG_WARN_SUSPICIOUS_MOVE = YES;
				CLANG_WARN_UNGUARDED_AVAILABILITY = YES_AGGRESSIVE;
				CLANG_WARN_UNREACHABLE_CODE = YES;
				CLANG_WARN__DUPLICATE_METHOD_MATCH = YES;
				COPY_PHASE_STRIP = NO;
				DEBUG_INFORMATION_FORMAT = "dwarf-with-dsym";
				ENABLE_NS_ASSERTIONS = NO;
				ENABLE_STRICT_OBJC_MSGSEND = YES;
				GCC_C_LANGUAGE_STANDARD = gnu11;
				GCC_NO_COMMON_BLOCKS = YES;
				GCC_WARN_64_TO_32_BIT_CONVERSION = YES;
				GCC_WARN_ABOUT_RETURN_TYPE = YES_ERROR;
				GCC_WARN_UNDECLARED_SELECTOR = YES;
				GCC_WARN_UNINITIALIZED_AUTOS = YES_AGGRESSIVE;
				GCC_WARN_UNUSED_FUNCTION = YES;
				GCC_WARN_UNUSED_VARIABLE = YES;
				IPHONEOS_DEPLOYMENT_TARGET = 16.0;
				MTL_ENABLE_DEBUG_INFO = NO;
				MTL_FAST_MATH = YES;
				SDKROOT = iphoneos;
				SWIFT_COMPILATION_MODE = wholemodule;
				SWIFT_OPTIMIZATION_LEVEL = "-O";
				VALIDATE_PRODUCT = YES;
			};
			name = Release;
		};
		2EC3ACE5292A4B8900E41148 /* Debug */ = {
			isa = XCBuildConfiguration;
			buildSettings = {
				ASSETCATALOG_COMPILER_APPICON_NAME = AppIcon;
				ASSETCATALOG_COMPILER_GLOBAL_ACCENT_COLOR_NAME = AccentColor;
				CODE_SIGN_STYLE = Automatic;
				CURRENT_PROJECT_VERSION = 1;
				DEVELOPMENT_ASSET_PATHS = "\"VoucherBox/Preview Content\"";
				DEVELOPMENT_TEAM = 2PJ23MZ7RT;
				ENABLE_PREVIEWS = YES;
				GENERATE_INFOPLIST_FILE = YES;
				INFOPLIST_KEY_UIApplicationSceneManifest_Generation = YES;
				INFOPLIST_KEY_UIApplicationSupportsIndirectInputEvents = YES;
				INFOPLIST_KEY_UILaunchScreen_Generation = YES;
				INFOPLIST_KEY_UISupportedInterfaceOrientations_iPad = "UIInterfaceOrientationPortrait UIInterfaceOrientationPortraitUpsideDown UIInterfaceOrientationLandscapeLeft UIInterfaceOrientationLandscapeRight";
				INFOPLIST_KEY_UISupportedInterfaceOrientations_iPhone = "UIInterfaceOrientationPortrait UIInterfaceOrientationLandscapeLeft UIInterfaceOrientationLandscapeRight";
				LD_RUNPATH_SEARCH_PATHS = (
					"$(inherited)",
					"@executable_path/Frameworks",
				);
				MARKETING_VERSION = 1.0;
				PRODUCT_BUNDLE_IDENTIFIER = com.chance.VoucherBox;
				PRODUCT_NAME = "$(TARGET_NAME)";
				SWIFT_EMIT_LOC_STRINGS = YES;
				SWIFT_VERSION = 5.0;
				TARGETED_DEVICE_FAMILY = "1,2";
			};
			name = Debug;
		};
		2EC3ACE6292A4B8900E41148 /* Release */ = {
			isa = XCBuildConfiguration;
			buildSettings = {
				ASSETCATALOG_COMPILER_APPICON_NAME = AppIcon;
				ASSETCATALOG_COMPILER_GLOBAL_ACCENT_COLOR_NAME = AccentColor;
				CODE_SIGN_STYLE = Automatic;
				CURRENT_PROJECT_VERSION = 1;
				DEVELOPMENT_ASSET_PATHS = "\"VoucherBox/Preview Content\"";
				DEVELOPMENT_TEAM = 2PJ23MZ7RT;
				ENABLE_PREVIEWS = YES;
				GENERATE_INFOPLIST_FILE = YES;
				INFOPLIST_KEY_UIApplicationSceneManifest_Generation = YES;
				INFOPLIST_KEY_UIApplicationSupportsIndirectInputEvents = YES;
				INFOPLIST_KEY_UILaunchScreen_Generation = YES;
				INFOPLIST_KEY_UISupportedInterfaceOrientations_iPad = "UIInterfaceOrientationPortrait UIInterfaceOrientationPortraitUpsideDown UIInterfaceOrientationLandscapeLeft UIInterfaceOrientationLandscapeRight";
				INFOPLIST_KEY_UISupportedInterfaceOrientations_iPhone = "UIInterfaceOrientationPortrait UIInterfaceOrientationLandscapeLeft UIInterfaceOrientationLandscapeRight";
				LD_RUNPATH_SEARCH_PATHS = (
					"$(inherited)",
					"@executable_path/Frameworks",
				);
				MARKETING_VERSION = 1.0;
				PRODUCT_BUNDLE_IDENTIFIER = com.chance.VoucherBox;
				PRODUCT_NAME = "$(TARGET_NAME)";
				SWIFT_EMIT_LOC_STRINGS = YES;
				SWIFT_VERSION = 5.0;
				TARGETED_DEVICE_FAMILY = "1,2";
			};
			name = Release;
		};
/* End XCBuildConfiguration section */

/* Begin XCConfigurationList section */
		2EC3ACD1292A4B8700E41148 /* Build configuration list for PBXProject "VoucherBox" */ = {
			isa = XCConfigurationList;
			buildConfigurations = (
				2EC3ACE2292A4B8900E41148 /* Debug */,
				2EC3ACE3292A4B8900E41148 /* Release */,
			);
			defaultConfigurationIsVisible = 0;
			defaultConfigurationName = Release;
		};
		2EC3ACE4292A4B8900E41148 /* Build configuration list for PBXNativeTarget "VoucherBox" */ = {
			isa = XCConfigurationList;
			buildConfigurations = (
				2EC3ACE5292A4B8900E41148 /* Debug */,
				2EC3ACE6292A4B8900E41148 /* Release */,
			);
			defaultConfigurationIsVisible = 0;
			defaultConfigurationName = Release;
		};
/* End XCConfigurationList section */

/* Begin XCRemoteSwiftPackageReference section */
		2EE9437E292BA8D600166EF9 /* XCRemoteSwiftPackageReference "firebase-ios-sdk" */ = {
			isa = XCRemoteSwiftPackageReference;
			repositoryURL = "https://github.com/firebase/firebase-ios-sdk";
			requirement = {
				branch = master;
				kind = branch;
			};
		};
/* End XCRemoteSwiftPackageReference section */

/* Begin XCSwiftPackageProductDependency section */
		2EE9437F292BA8D600166EF9 /* FirebaseAnalytics */ = {
			isa = XCSwiftPackageProductDependency;
			package = 2EE9437E292BA8D600166EF9 /* XCRemoteSwiftPackageReference "firebase-ios-sdk" */;
			productName = FirebaseAnalytics;
		};
		2EE94381292BA8D600166EF9 /* FirebaseCrashlytics */ = {
			isa = XCSwiftPackageProductDependency;
			package = 2EE9437E292BA8D600166EF9 /* XCRemoteSwiftPackageReference "firebase-ios-sdk" */;
			productName = FirebaseCrashlytics;
		};
		2EE94383292BA8D600166EF9 /* FirebaseFirestore */ = {
			isa = XCSwiftPackageProductDependency;
			package = 2EE9437E292BA8D600166EF9 /* XCRemoteSwiftPackageReference "firebase-ios-sdk" */;
			productName = FirebaseFirestore;
		};
		2EE94385292BA8D600166EF9 /* FirebasePerformance */ = {
			isa = XCSwiftPackageProductDependency;
			package = 2EE9437E292BA8D600166EF9 /* XCRemoteSwiftPackageReference "firebase-ios-sdk" */;
			productName = FirebasePerformance;
		};
		2EE94387292BA8D600166EF9 /* FirebaseStorage */ = {
			isa = XCSwiftPackageProductDependency;
			package = 2EE9437E292BA8D600166EF9 /* XCRemoteSwiftPackageReference "firebase-ios-sdk" */;
			productName = FirebaseStorage;
		};
/* End XCSwiftPackageProductDependency section */
	};
	rootObject = 2EC3ACCE292A4B8700E41148 /* Project object */;
}
